
Microsoft Visual Studio Solution File, Format Version 12.00
# Visual Studio Version 17
VisualStudioVersion = 17.13.35919.96 d17.13
MinimumVisualStudioVersion = 10.0.40219.1
Project("{FAE04EC0-301F-11D3-BF4B-00C04F79EFBC}") = "ASCIIT_table", "ASCIIT_table.csproj", "{2D67CD65-2D5B-4027-B70E-52F2679E7BF3}"
EndProject
Global
	GlobalSection(SolutionConfigurationPlatforms) = preSolution
		Debug|Any CPU = Debug|Any CPU
		Release|Any CPU = Release|Any CPU
	EndGlobalSection
	GlobalSection(ProjectConfigurationPlatforms) = postSolution
		{2D67CD65-2D5B-4027-B70E-52F2679E7BF3}.Debug|Any CPU.ActiveCfg = Debug|Any CPU
		{2D67CD65-2D5B-4027-B70E-52F2679E7BF3}.Debug|Any CPU.Build.0 = Debug|Any CPU
		{2D67CD65-2D5B-4027-B70E-52F2679E7BF3}.Release|Any CPU.ActiveCfg = Release|Any CPU
		{2D67CD65-2D5B-4027-B70E-52F2679E7BF3}.Release|Any CPU.Build.0 = Release|Any CPU
	EndGlobalSection
	GlobalSection(SolutionProperties) = preSolution
		HideSolutionNode = FALSE
	EndGlobalSection
	GlobalSection(ExtensibilityGlobals) = postSolution
		SolutionGuid = {94A0B27A-2B7D-4360-AC0A-AC8CB2828C5C}
	EndGlobalSection
EndGlobal
